
Microsoft Visual Studio Solution File, Format Version 12.00
# Visual Studio Version 16
VisualStudioVersion = 16.0.30907.101
MinimumVisualStudioVersion = 10.0.40219.1
Project("{FAE04EC0-301F-11D3-BF4B-00C04F79EFBC}") = "chatapp", "chatapp\chatapp.csproj", "{F4345C14-1F05-4326-BD0E-0D665B677E5F}"
EndProject
Global
	GlobalSection(SolutionConfigurationPlatforms) = preSolution
		Debug|Any CPU = Debug|Any CPU
		Release|Any CPU = Release|Any CPU
	EndGlobalSection
	GlobalSection(ProjectConfigurationPlatforms) = postSolution
		{F4345C14-1F05-4326-BD0E-0D665B677E5F}.Debug|Any CPU.ActiveCfg = Debug|Any CPU
		{F4345C14-1F05-4326-BD0E-0D665B677E5F}.Debug|Any CPU.Build.0 = Debug|Any CPU
		{F4345C14-1F05-4326-BD0E-0D665B677E5F}.Release|Any CPU.ActiveCfg = Release|Any CPU
		{F4345C14-1F05-4326-BD0E-0D665B677E5F}.Release|Any CPU.Build.0 = Release|Any CPU
	EndGlobalSection
	GlobalSection(SolutionProperties) = preSolution
		HideSolutionNode = FALSE
	EndGlobalSection
	GlobalSection(ExtensibilityGlobals) = postSolution
		SolutionGuid = {CF471B29-FAA3-469E-A623-9A24D6EEB90C}
	EndGlobalSection
EndGlobal
